
Microsoft Visual Studio Solution File, Format Version 12.00
# Visual Studio Version 17
VisualStudioVersion = 17.13.35913.81 d17.13
MinimumVisualStudioVersion = 10.0.40219.1
Project("{FAE04EC0-301F-11D3-BF4B-00C04F79EFBC}") = "MVCPeliculas", "MVCPeliculas.csproj", "{78A85A58-72F0-46C5-B289-9960C82A8EAE}"
EndProject
Global
	GlobalSection(SolutionConfigurationPlatforms) = preSolution
		Debug|Any CPU = Debug|Any CPU
		Release|Any CPU = Release|Any CPU
	EndGlobalSection
	GlobalSection(ProjectConfigurationPlatforms) = postSolution
		{78A85A58-72F0-46C5-B289-9960C82A8EAE}.Debug|Any CPU.ActiveCfg = Debug|Any CPU
		{78A85A58-72F0-46C5-B289-9960C82A8EAE}.Debug|Any CPU.Build.0 = Debug|Any CPU
		{78A85A58-72F0-46C5-B289-9960C82A8EAE}.Release|Any CPU.ActiveCfg = Release|Any CPU
		{78A85A58-72F0-46C5-B289-9960C82A8EAE}.Release|Any CPU.Build.0 = Release|Any CPU
	EndGlobalSection
	GlobalSection(SolutionProperties) = preSolution
		HideSolutionNode = FALSE
	EndGlobalSection
	GlobalSection(ExtensibilityGlobals) = postSolution
		SolutionGuid = {DFEBDF29-8569-49A4-AA4D-A9E4DDC04947}
	EndGlobalSection
EndGlobal
